{
  "lockfileVersion": 1,
  "workspaces": {
    "": {
      "name": "@your-scope/my-types",
      "devDependencies": {
        "@typescript/native-preview": "^7.0.0-dev.20251001.1",
      },
    },
  },
  "packages": {
    "@typescript/native-preview": ["@typescript/native-preview@7.0.0-dev.20251001.1", "", { "optionalDependencies": { "@typescript/native-preview-darwin-arm64": "7.0.0-dev.20251001.1", "@typescript/native-preview-darwin-x64": "7.0.0-dev.20251001.1", "@typescript/native-preview-linux-arm": "7.0.0-dev.20251001.1", "@typescript/native-preview-linux-arm64": "7.0.0-dev.20251001.1", "@typescript/native-preview-linux-x64": "7.0.0-dev.20251001.1", "@typescript/native-preview-win32-arm64": "7.0.0-dev.20251001.1", "@typescript/native-preview-win32-x64": "7.0.0-dev.20251001.1" }, "bin": { "tsgo": "bin/tsgo.js" } }, "sha512-hSecLvbXpW77Dy4FqxMm1YFDWB27sRaRhpZicz5JwWh1JHL1gjE+NNiNoFWAOHJRMLSuPhoLERaDBjLVAC3w5w=="],

    "@typescript/native-preview-darwin-arm64": ["@typescript/native-preview-darwin-arm64@7.0.0-dev.20251001.1", "", { "os": "darwin", "cpu": "arm64" }, "sha512-BazZecb3ffaQz/3cFVMwtE3IcLbUC7ah2AOJ6xcgbFlAOOzzmUF/lYSvt7grynDgNdsHSvYAg0HgBkP+3Ug3tw=="],

    "@typescript/native-preview-darwin-x64": ["@typescript/native-preview-darwin-x64@7.0.0-dev.20251001.1", "", { "os": "darwin", "cpu": "x64" }, "sha512-v8rIYBiQOwwSaU54f8DthEkA9i1R6v+0rwuO1tKoKGdTjDjKbFqrOBAA1FN86dIUn7LK1E6X8w7hBiSic2rN3Q=="],

    "@typescript/native-preview-linux-arm": ["@typescript/native-preview-linux-arm@7.0.0-dev.20251001.1", "", { "os": "linux", "cpu": "arm" }, "sha512-cuvqPtYLYaDnEWACxnF+ZzdDuSb93zNbjZFQYkK/lrQdj44fhMpmh62BmVP6SoznTcIUwSyrx1FLyPMN593QHw=="],

    "@typescript/native-preview-linux-arm64": ["@typescript/native-preview-linux-arm64@7.0.0-dev.20251001.1", "", { "os": "linux", "cpu": "arm64" }, "sha512-QxY5sDyiKSLDzVP3OKdn0g61G1c9Uz2dkJFm0t4TlyccMMBF93Td5cW27ZmGCLUkTsxetErVDHBE4lW1X11+ZQ=="],

    "@typescript/native-preview-linux-x64": ["@typescript/native-preview-linux-x64@7.0.0-dev.20251001.1", "", { "os": "linux", "cpu": "x64" }, "sha512-PmNj7BI4TGKuwuP69ImE1jAfYDWvPY+32adSzB1VYAY2TkCrRUJyB772c1o2LRjAMgzFXtCFNo7oPfsHo8nhyg=="],

    "@typescript/native-preview-win32-arm64": ["@typescript/native-preview-win32-arm64@7.0.0-dev.20251001.1", "", { "os": "win32", "cpu": "arm64" }, "sha512-MVW2WLdf3sIJ0BaptVvYPIov+PAtqDdFg32cqCde/WAjS0xh8+OrM+FKgiorp904Nmt2QTBc3nJgJNrnjD1G9Q=="],

    "@typescript/native-preview-win32-x64": ["@typescript/native-preview-win32-x64@7.0.0-dev.20251001.1", "", { "os": "win32", "cpu": "x64" }, "sha512-W/VZNp4DcEywSNH/TXXYEpfpueVuABKGWyH4AYMBjo6UmqH1IhHieRga5TMTMh9A9exsjupDGUgjUNaTH+nGsA=="],
  }
}
